
Microsoft Visual Studio Solution File, Format Version 12.00
# Visual Studio Version 17
VisualStudioVersion = 17.2.32505.173
MinimumVisualStudioVersion = 10.0.40219.1
Project("{8BC9CEB8-8B4A-11D0-8D11-00A0C91BC942}") = "secondgit", "secondgit\secondgit.vcxproj", "{14A77673-659C-456F-B33D-314E339807F2}"
EndProject
Global
	GlobalSection(SolutionConfigurationPlatforms) = preSolution
		Debug|x64 = Debug|x64
		Debug|x86 = Debug|x86
		Release|x64 = Release|x64
		Release|x86 = Release|x86
	EndGlobalSection
	GlobalSection(ProjectConfigurationPlatforms) = postSolution
		{14A77673-659C-456F-B33D-314E339807F2}.Debug|x64.ActiveCfg = Debug|x64
		{14A77673-659C-456F-B33D-314E339807F2}.Debug|x64.Build.0 = Debug|x64
		{14A77673-659C-456F-B33D-314E339807F2}.Debug|x86.ActiveCfg = Debug|Win32
		{14A77673-659C-456F-B33D-314E339807F2}.Debug|x86.Build.0 = Debug|Win32
		{14A77673-659C-456F-B33D-314E339807F2}.Release|x64.ActiveCfg = Release|x64
		{14A77673-659C-456F-B33D-314E339807F2}.Release|x64.Build.0 = Release|x64
		{14A77673-659C-456F-B33D-314E339807F2}.Release|x86.ActiveCfg = Release|Win32
		{14A77673-659C-456F-B33D-314E339807F2}.Release|x86.Build.0 = Release|Win32
	EndGlobalSection
	GlobalSection(SolutionProperties) = preSolution
		HideSolutionNode = FALSE
	EndGlobalSection
	GlobalSection(ExtensibilityGlobals) = postSolution
		SolutionGuid = {605F02F6-28E3-4ADE-9124-31B241625AE1}
	EndGlobalSection
EndGlobal
